{
  "version": 1,
  "dependencies": {
    "net10.0-windows7.0": {
      "frame.client": {
        "type": "Project",
        "dependencies": {
          "Frame.Interop": "[1.13.0, )"
        }
      },
      "frame.interop": {
        "type": "Project"
      }
    },
    "net10.0-windows7.0/win-x64": {}
  }
}